dependencies:
- name: rabbitmq
  repository: oci://registry-1.docker.io/bitnamicharts
  version: 12.14.0
- name: postgresql
  repository: oci://registry-1.docker.io/bitnamicharts
  version: 12.12.10
- name: redis
  repository: oci://registry-1.docker.io/bitnamicharts
  version: 18.16.1
- name: minio
  repository: oci://registry-1.docker.io/bitnamicharts
  version: 13.6.4
digest: sha256:8574d10cfbbacd752ce4e5acfa796ab28d8e5592fa5611866490bc834b368709
generated: "2025-04-22T07:10:43.814155605Z"
