dependencies:
- name: rabbitmq
  repository: https://charts.bitnami.com/bitnami
  version: 12.14.0
- name: postgresql
  repository: https://charts.bitnami.com/bitnami
  version: 12.12.10
- name: redis
  repository: https://charts.bitnami.com/bitnami
  version: 18.16.1
- name: minio
  repository: https://charts.bitnami.com/bitnami
  version: 13.6.4
digest: sha256:80adbade3d56508716b691d1dd8c47c510dda770d800feb097dd178cad3e86d1
generated: "2024-09-17T12:25:29.248247812Z"
